
Microsoft Visual Studio Solution File, Format Version 11.00
# Visual Studio 2010
Project("{FAE04EC0-301F-11D3-BF4B-00C04F79EFBC}") = "QvEventLogConnectorElaborate", "QvEventLogConnectorElaborate\QvEventLogConnectorElaborate.csproj", "{B696D163-8DA0-45AE-A3DB-010975425AD0}"
EndProject
Global
	GlobalSection(SolutionConfigurationPlatforms) = preSolution
		Debug|x86 = Debug|x86
		Release|x86 = Release|x86
	EndGlobalSection
	GlobalSection(ProjectConfigurationPlatforms) = postSolution
		{B696D163-8DA0-45AE-A3DB-010975425AD0}.Debug|x86.ActiveCfg = Debug|x86
		{B696D163-8DA0-45AE-A3DB-010975425AD0}.Debug|x86.Build.0 = Debug|x86
		{B696D163-8DA0-45AE-A3DB-010975425AD0}.Release|x86.ActiveCfg = Release|x86
		{B696D163-8DA0-45AE-A3DB-010975425AD0}.Release|x86.Build.0 = Release|x86
	EndGlobalSection
	GlobalSection(SolutionProperties) = preSolution
		HideSolutionNode = FALSE
	EndGlobalSection
EndGlobal
